PODS:
  - FBSnapshotTestCase (2.1.4):
    - FBSnapshotTestCase/SwiftSupport (= 2.1.4)
  - FBSnapshotTestCase/Core (2.1.4)
  - FBSnapshotTestCase/SwiftSupport (2.1.4):
    - FBSnapshotTestCase/Core
  - ImageIOSwift (0.5.0)

DEPENDENCIES:
  - FBSnapshotTestCase (~> 2.1.4)
  - ImageIOSwift (from `../`)

SPEC REPOS:
  https://github.com/cocoapods/specs.git:
    - FBSnapshotTestCase

EXTERNAL SOURCES:
  ImageIOSwift:
    :path: "../"

SPEC CHECKSUMS:
  FBSnapshotTestCase: 094f9f314decbabe373b87cc339bea235a63e07a
  ImageIOSwift: 48e0dbb2632a81de9f27701737c668d9a237d935

PODFILE CHECKSUM: 2c5ada80341fcd6c217d3e7f26bf02206e0cee02

COCOAPODS: 1.7.2
