// !$*UTF8*$!
{
	archiveVersion = 1;
	classes = {
	};
	objectVersion = 48;
	objects = {

/* Begin PBXBuildFile section */
		113A95A41F868FF6004C4F38 /* AppDelegate.swift in Sources */ = {isa = PBXBuildFile; fileRef = 113A95A31F868FF6004C4F38 /* AppDelegate.swift */; };
		113A95A61F868FF6004C4F38 /* MasterViewController.swift in Sources */ = {isa = PBXBuildFile; fileRef = 113A95A51F868FF6004C4F38 /* MasterViewController.swift */; };
		113A95A81F868FF6004C4F38 /* ProgressiveLoadViewController.swift in Sources */ = {isa = PBXBuildFile; fileRef = 113A95A71F868FF6004C4F38 /* ProgressiveLoadViewController.swift */; };
		113A95AB1F868FF6004C4F38 /* Main.storyboard in Resources */ = {isa = PBXBuildFile; fileRef = 113A95A91F868FF6004C4F38 /* Main.storyboard */; };
		113A95AD1F868FF6004C4F38 /* Assets.xcassets in Resources */ = {isa = PBXBuildFile; fileRef = 113A95AC1F868FF6004C4F38 /* Assets.xcassets */; };
		113A95B01F868FF6004C4F38 /* LaunchScreen.storyboard in Resources */ = {isa = PBXBuildFile; fileRef = 113A95AE1F868FF6004C4F38 /* LaunchScreen.storyboard */; };
		113A95BB1F868FF7004C4F38 /* ImageIOSwiftTests.swift in Sources */ = {isa = PBXBuildFile; fileRef = 113A95BA1F868FF7004C4F38 /* ImageIOSwiftTests.swift */; };
		113A95C61F86900C004C4F38 /* ImageSource.swift in Sources */ = {isa = PBXBuildFile; fileRef = 113A95C51F86900C004C4F38 /* ImageSource.swift */; };
		113A95C81F869111004C4F38 /* ImageSourceView.swift in Sources */ = {isa = PBXBuildFile; fileRef = 113A95C71F869111004C4F38 /* ImageSourceView.swift */; };
		1158482B1F869872001636BE /* interlaced.jpeg in Resources */ = {isa = PBXBuildFile; fileRef = 115848291F869872001636BE /* interlaced.jpeg */; };
		1158482C1F869872001636BE /* progressive.jpeg in Resources */ = {isa = PBXBuildFile; fileRef = 1158482A1F869872001636BE /* progressive.jpeg */; };
		115848301F86B079001636BE /* CGImageSourceStatus+Helpers.swift in Sources */ = {isa = PBXBuildFile; fileRef = 1158482F1F86B079001636BE /* CGImageSourceStatus+Helpers.swift */; };
		115848331F86BD73001636BE /* animated.gif in Resources */ = {isa = PBXBuildFile; fileRef = 115848311F86BD72001636BE /* animated.gif */; };
		115848341F86BD73001636BE /* animated.png in Resources */ = {isa = PBXBuildFile; fileRef = 115848321F86BD72001636BE /* animated.png */; };
		115848361F86CA57001636BE /* Properties.swift in Sources */ = {isa = PBXBuildFile; fileRef = 115848351F86CA56001636BE /* Properties.swift */; };
		1158483C1F86E0EE001636BE /* AnimatedViewController.swift in Sources */ = {isa = PBXBuildFile; fileRef = 1158483B1F86E0EE001636BE /* AnimatedViewController.swift */; };
		115848401F86E116001636BE /* ImageSourceViewController.swift in Sources */ = {isa = PBXBuildFile; fileRef = 1158483F1F86E116001636BE /* ImageSourceViewController.swift */; };
		115848421F86E23F001636BE /* PickerViewController.swift in Sources */ = {isa = PBXBuildFile; fileRef = 115848411F86E23F001636BE /* PickerViewController.swift */; };
		1160B9A91F87F1780048E71A /* TIFFProperties.swift in Sources */ = {isa = PBXBuildFile; fileRef = 1160B9A81F87F1780048E71A /* TIFFProperties.swift */; };
		1160B9AB1F87F19B0048E71A /* JPEGProperties.swift in Sources */ = {isa = PBXBuildFile; fileRef = 1160B9AA1F87F19B0048E71A /* JPEGProperties.swift */; };
		1160B9AD1F87F1C10048E71A /* PNGProperties.swift in Sources */ = {isa = PBXBuildFile; fileRef = 1160B9AC1F87F1C10048E71A /* PNGProperties.swift */; };
		1160B9AF1F87F1DD0048E71A /* GIFProperties.swift in Sources */ = {isa = PBXBuildFile; fileRef = 1160B9AE1F87F1DD0048E71A /* GIFProperties.swift */; };
		1160B9B11F87F4BC0048E71A /* IPTCProperties.swift in Sources */ = {isa = PBXBuildFile; fileRef = 1160B9B01F87F4BC0048E71A /* IPTCProperties.swift */; };
		1160B9B31F87F5A80048E71A /* UIImageOrientation+Helpers.swift in Sources */ = {isa = PBXBuildFile; fileRef = 1160B9B21F87F5A80048E71A /* UIImageOrientation+Helpers.swift */; };
		1160B9B71F87F86A0048E71A /* ImageSource+UIKit.swift in Sources */ = {isa = PBXBuildFile; fileRef = 1160B9B61F87F86A0048E71A /* ImageSource+UIKit.swift */; };
		119143871F86F05E0053EA8F /* Portrait_4.jpg in Resources */ = {isa = PBXBuildFile; fileRef = 119143771F86F05D0053EA8F /* Portrait_4.jpg */; };
		119143881F86F05E0053EA8F /* Landscape_8.jpg in Resources */ = {isa = PBXBuildFile; fileRef = 119143781F86F05D0053EA8F /* Landscape_8.jpg */; };
		119143891F86F05E0053EA8F /* Portrait_8.jpg in Resources */ = {isa = PBXBuildFile; fileRef = 119143791F86F05D0053EA8F /* Portrait_8.jpg */; };
		1191438A1F86F05E0053EA8F /* Portrait_6.jpg in Resources */ = {isa = PBXBuildFile; fileRef = 1191437A1F86F05E0053EA8F /* Portrait_6.jpg */; };
		1191438B1F86F05E0053EA8F /* Portrait_2.jpg in Resources */ = {isa = PBXBuildFile; fileRef = 1191437B1F86F05E0053EA8F /* Portrait_2.jpg */; };
		1191438C1F86F05E0053EA8F /* Portrait_1.jpg in Resources */ = {isa = PBXBuildFile; fileRef = 1191437C1F86F05E0053EA8F /* Portrait_1.jpg */; };
		1191438D1F86F05E0053EA8F /* Landscape_7.jpg in Resources */ = {isa = PBXBuildFile; fileRef = 1191437D1F86F05E0053EA8F /* Landscape_7.jpg */; };
		1191438E1F86F05E0053EA8F /* Landscape_1.jpg in Resources */ = {isa = PBXBuildFile; fileRef = 1191437E1F86F05E0053EA8F /* Landscape_1.jpg */; };
		1191438F1F86F05E0053EA8F /* Landscape_3.jpg in Resources */ = {isa = PBXBuildFile; fileRef = 1191437F1F86F05E0053EA8F /* Landscape_3.jpg */; };
		119143901F86F05E0053EA8F /* Landscape_5.jpg in Resources */ = {isa = PBXBuildFile; fileRef = 119143801F86F05E0053EA8F /* Landscape_5.jpg */; };
		119143911F86F05E0053EA8F /* Portrait_7.jpg in Resources */ = {isa = PBXBuildFile; fileRef = 119143811F86F05E0053EA8F /* Portrait_7.jpg */; };
		119143921F86F05E0053EA8F /* Portrait_5.jpg in Resources */ = {isa = PBXBuildFile; fileRef = 119143821F86F05E0053EA8F /* Portrait_5.jpg */; };
		119143931F86F05E0053EA8F /* Landscape_6.jpg in Resources */ = {isa = PBXBuildFile; fileRef = 119143831F86F05E0053EA8F /* Landscape_6.jpg */; };
		119143941F86F05E0053EA8F /* Landscape_2.jpg in Resources */ = {isa = PBXBuildFile; fileRef = 119143841F86F05E0053EA8F /* Landscape_2.jpg */; };
		119143951F86F05E0053EA8F /* Landscape_4.jpg in Resources */ = {isa = PBXBuildFile; fileRef = 119143851F86F05E0053EA8F /* Landscape_4.jpg */; };
		119143961F86F05E0053EA8F /* Portrait_3.jpg in Resources */ = {isa = PBXBuildFile; fileRef = 119143861F86F05E0053EA8F /* Portrait_3.jpg */; };
		119143AC1F87CAFF0053EA8F /* autumn_1440x960.heic in Resources */ = {isa = PBXBuildFile; fileRef = 1191439F1F87CAFF0053EA8F /* autumn_1440x960.heic */; };
		119143AD1F87CAFF0053EA8F /* alpha_1440x960.heic in Resources */ = {isa = PBXBuildFile; fileRef = 119143A01F87CAFF0053EA8F /* alpha_1440x960.heic */; };
		119143AF1F87CAFF0053EA8F /* bird_burst.heic in Resources */ = {isa = PBXBuildFile; fileRef = 119143A21F87CAFF0053EA8F /* bird_burst.heic */; };
		119143B01F87CAFF0053EA8F /* random_collection_1440x960.heic in Resources */ = {isa = PBXBuildFile; fileRef = 119143A31F87CAFF0053EA8F /* random_collection_1440x960.heic */; };
		119143B11F87CAFF0053EA8F /* season_collection_1440x960.heic in Resources */ = {isa = PBXBuildFile; fileRef = 119143A41F87CAFF0053EA8F /* season_collection_1440x960.heic */; };
		119143B21F87CAFF0053EA8F /* starfield_animation.heic in Resources */ = {isa = PBXBuildFile; fileRef = 119143A51F87CAFF0053EA8F /* starfield_animation.heic */; };
		119143B31F87CAFF0053EA8F /* grid_960x640.heic in Resources */ = {isa = PBXBuildFile; fileRef = 119143A61F87CAFF0053EA8F /* grid_960x640.heic */; };
		119143B41F87CAFF0053EA8F /* spring_1440x960.heic in Resources */ = {isa = PBXBuildFile; fileRef = 119143A71F87CAFF0053EA8F /* spring_1440x960.heic */; };
		119143B51F87CAFF0053EA8F /* dog.heic in Resources */ = {isa = PBXBuildFile; fileRef = 119143A81F87CAFF0053EA8F /* dog.heic */; };
		119143B61F87CAFF0053EA8F /* sea1_animation.heic in Resources */ = {isa = PBXBuildFile; fileRef = 119143A91F87CAFF0053EA8F /* sea1_animation.heic */; };
		119143B71F87CAFF0053EA8F /* winter_1440x960.heic in Resources */ = {isa = PBXBuildFile; fileRef = 119143AA1F87CAFF0053EA8F /* winter_1440x960.heic */; };
		119143B81F87CAFF0053EA8F /* yard.heic in Resources */ = {isa = PBXBuildFile; fileRef = 119143AB1F87CAFF0053EA8F /* yard.heic */; };
		11DCAD5B1F86E63D00598162 /* CADisplayLink+Callbacks.swift in Sources */ = {isa = PBXBuildFile; fileRef = 11DCAD5A1F86E63D00598162 /* CADisplayLink+Callbacks.swift */; };
/* End PBXBuildFile section */

/* Begin PBXContainerItemProxy section */
		113A95B71F868FF6004C4F38 /* PBXContainerItemProxy */ = {
			isa = PBXContainerItemProxy;
			containerPortal = 113A95981F868FF6004C4F38 /* Project object */;
			proxyType = 1;
			remoteGlobalIDString = 113A959F1F868FF6004C4F38;
			remoteInfo = ImageService;
		};
/* End PBXContainerItemProxy section */

/* Begin PBXFileReference section */
		113A95A01F868FF6004C4F38 /* ImageIOSwift.app */ = {isa = PBXFileReference; explicitFileType = wrapper.application; includeInIndex = 0; path = ImageIOSwift.app; sourceTree = BUILT_PRODUCTS_DIR; };
		113A95A31F868FF6004C4F38 /* AppDelegate.swift */ = {isa = PBXFileReference; lastKnownFileType = sourcecode.swift; path = AppDelegate.swift; sourceTree = "<group>"; };
		113A95A51F868FF6004C4F38 /* MasterViewController.swift */ = {isa = PBXFileReference; lastKnownFileType = sourcecode.swift; path = MasterViewController.swift; sourceTree = "<group>"; };
		113A95A71F868FF6004C4F38 /* ProgressiveLoadViewController.swift */ = {isa = PBXFileReference; lastKnownFileType = sourcecode.swift; path = ProgressiveLoadViewController.swift; sourceTree = "<group>"; };
		113A95AA1F868FF6004C4F38 /* Base */ = {isa = PBXFileReference; lastKnownFileType = file.storyboard; name = Base; path = Base.lproj/Main.storyboard; sourceTree = "<group>"; };
		113A95AC1F868FF6004C4F38 /* Assets.xcassets */ = {isa = PBXFileReference; lastKnownFileType = folder.assetcatalog; path = Assets.xcassets; sourceTree = "<group>"; };
		113A95AF1F868FF6004C4F38 /* Base */ = {isa = PBXFileReference; lastKnownFileType = file.storyboard; name = Base; path = Base.lproj/LaunchScreen.storyboard; sourceTree = "<group>"; };
		113A95B11F868FF6004C4F38 /* Info.plist */ = {isa = PBXFileReference; lastKnownFileType = text.plist.xml; path = Info.plist; sourceTree = "<group>"; };
		113A95B61F868FF6004C4F38 /* ImageIOSwiftTests.xctest */ = {isa = PBXFileReference; explicitFileType = wrapper.cfbundle; includeInIndex = 0; path = ImageIOSwiftTests.xctest; sourceTree = BUILT_PRODUCTS_DIR; };
		113A95BA1F868FF7004C4F38 /* ImageIOSwiftTests.swift */ = {isa = PBXFileReference; lastKnownFileType = sourcecode.swift; path = ImageIOSwiftTests.swift; sourceTree = "<group>"; };
		113A95BC1F868FF7004C4F38 /* Info.plist */ = {isa = PBXFileReference; lastKnownFileType = text.plist.xml; path = Info.plist; sourceTree = "<group>"; };
		113A95C51F86900C004C4F38 /* ImageSource.swift */ = {isa = PBXFileReference; lastKnownFileType = sourcecode.swift; path = ImageSource.swift; sourceTree = "<group>"; };
		113A95C71F869111004C4F38 /* ImageSourceView.swift */ = {isa = PBXFileReference; lastKnownFileType = sourcecode.swift; path = ImageSourceView.swift; sourceTree = "<group>"; };
		115848291F869872001636BE /* interlaced.jpeg */ = {isa = PBXFileReference; lastKnownFileType = image.jpeg; path = interlaced.jpeg; sourceTree = "<group>"; };
		1158482A1F869872001636BE /* progressive.jpeg */ = {isa = PBXFileReference; lastKnownFileType = image.jpeg; path = progressive.jpeg; sourceTree = "<group>"; };
		1158482F1F86B079001636BE /* CGImageSourceStatus+Helpers.swift */ = {isa = PBXFileReference; lastKnownFileType = sourcecode.swift; path = "CGImageSourceStatus+Helpers.swift"; sourceTree = "<group>"; };
		115848311F86BD72001636BE /* animated.gif */ = {isa = PBXFileReference; lastKnownFileType = image.gif; path = animated.gif; sourceTree = "<group>"; };
		115848321F86BD72001636BE /* animated.png */ = {isa = PBXFileReference; lastKnownFileType = image.png; path = animated.png; sourceTree = "<group>"; };
		115848351F86CA56001636BE /* Properties.swift */ = {isa = PBXFileReference; lastKnownFileType = sourcecode.swift; path = Properties.swift; sourceTree = "<group>"; };
		1158483B1F86E0EE001636BE /* AnimatedViewController.swift */ = {isa = PBXFileReference; lastKnownFileType = sourcecode.swift; path = AnimatedViewController.swift; sourceTree = "<group>"; };
		1158483F1F86E116001636BE /* ImageSourceViewController.swift */ = {isa = PBXFileReference; lastKnownFileType = sourcecode.swift; path = ImageSourceViewController.swift; sourceTree = "<group>"; };
		115848411F86E23F001636BE /* PickerViewController.swift */ = {isa = PBXFileReference; lastKnownFileType = sourcecode.swift; path = PickerViewController.swift; sourceTree = "<group>"; };
		1160B9A81F87F1780048E71A /* TIFFProperties.swift */ = {isa = PBXFileReference; lastKnownFileType = sourcecode.swift; path = TIFFProperties.swift; sourceTree = "<group>"; };
		1160B9AA1F87F19B0048E71A /* JPEGProperties.swift */ = {isa = PBXFileReference; lastKnownFileType = sourcecode.swift; path = JPEGProperties.swift; sourceTree = "<group>"; };
		1160B9AC1F87F1C10048E71A /* PNGProperties.swift */ = {isa = PBXFileReference; lastKnownFileType = sourcecode.swift; path = PNGProperties.swift; sourceTree = "<group>"; };
		1160B9AE1F87F1DD0048E71A /* GIFProperties.swift */ = {isa = PBXFileReference; lastKnownFileType = sourcecode.swift; path = GIFProperties.swift; sourceTree = "<group>"; };
		1160B9B01F87F4BC0048E71A /* IPTCProperties.swift */ = {isa = PBXFileReference; lastKnownFileType = sourcecode.swift; path = IPTCProperties.swift; sourceTree = "<group>"; };
		1160B9B21F87F5A80048E71A /* UIImageOrientation+Helpers.swift */ = {isa = PBXFileReference; lastKnownFileType = sourcecode.swift; path = "UIImageOrientation+Helpers.swift"; sourceTree = "<group>"; };
		1160B9B61F87F86A0048E71A /* ImageSource+UIKit.swift */ = {isa = PBXFileReference; lastKnownFileType = sourcecode.swift; path = "ImageSource+UIKit.swift"; sourceTree = "<group>"; };
		119143771F86F05D0053EA8F /* Portrait_4.jpg */ = {isa = PBXFileReference; lastKnownFileType = image.jpeg; name = Portrait_4.jpg; path = "ImageIOSwift/ExampleImages/exif-orientation-examples/Portrait_4.jpg"; sourceTree = SOURCE_ROOT; };
		119143781F86F05D0053EA8F /* Landscape_8.jpg */ = {isa = PBXFileReference; lastKnownFileType = image.jpeg; name = Landscape_8.jpg; path = "ImageIOSwift/ExampleImages/exif-orientation-examples/Landscape_8.jpg"; sourceTree = SOURCE_ROOT; };
		119143791F86F05D0053EA8F /* Portrait_8.jpg */ = {isa = PBXFileReference; lastKnownFileType = image.jpeg; name = Portrait_8.jpg; path = "ImageIOSwift/ExampleImages/exif-orientation-examples/Portrait_8.jpg"; sourceTree = SOURCE_ROOT; };
		1191437A1F86F05E0053EA8F /* Portrait_6.jpg */ = {isa = PBXFileReference; lastKnownFileType = image.jpeg; name = Portrait_6.jpg; path = "ImageIOSwift/ExampleImages/exif-orientation-examples/Portrait_6.jpg"; sourceTree = SOURCE_ROOT; };
		1191437B1F86F05E0053EA8F /* Portrait_2.jpg */ = {isa = PBXFileReference; lastKnownFileType = image.jpeg; name = Portrait_2.jpg; path = "ImageIOSwift/ExampleImages/exif-orientation-examples/Portrait_2.jpg"; sourceTree = SOURCE_ROOT; };
		1191437C1F86F05E0053EA8F /* Portrait_1.jpg */ = {isa = PBXFileReference; lastKnownFileType = image.jpeg; name = Portrait_1.jpg; path = "ImageIOSwift/ExampleImages/exif-orientation-examples/Portrait_1.jpg"; sourceTree = SOURCE_ROOT; };
		1191437D1F86F05E0053EA8F /* Landscape_7.jpg */ = {isa = PBXFileReference; lastKnownFileType = image.jpeg; name = Landscape_7.jpg; path = "ImageIOSwift/ExampleImages/exif-orientation-examples/Landscape_7.jpg"; sourceTree = SOURCE_ROOT; };
		1191437E1F86F05E0053EA8F /* Landscape_1.jpg */ = {isa = PBXFileReference; lastKnownFileType = image.jpeg; name = Landscape_1.jpg; path = "ImageIOSwift/ExampleImages/exif-orientation-examples/Landscape_1.jpg"; sourceTree = SOURCE_ROOT; };
		1191437F1F86F05E0053EA8F /* Landscape_3.jpg */ = {isa = PBXFileReference; lastKnownFileType = image.jpeg; name = Landscape_3.jpg; path = "ImageIOSwift/ExampleImages/exif-orientation-examples/Landscape_3.jpg"; sourceTree = SOURCE_ROOT; };
		119143801F86F05E0053EA8F /* Landscape_5.jpg */ = {isa = PBXFileReference; lastKnownFileType = image.jpeg; name = Landscape_5.jpg; path = "ImageIOSwift/ExampleImages/exif-orientation-examples/Landscape_5.jpg"; sourceTree = SOURCE_ROOT; };
		119143811F86F05E0053EA8F /* Portrait_7.jpg */ = {isa = PBXFileReference; lastKnownFileType = image.jpeg; name = Portrait_7.jpg; path = "ImageIOSwift/ExampleImages/exif-orientation-examples/Portrait_7.jpg"; sourceTree = SOURCE_ROOT; };
		119143821F86F05E0053EA8F /* Portrait_5.jpg */ = {isa = PBXFileReference; lastKnownFileType = image.jpeg; name = Portrait_5.jpg; path = "ImageIOSwift/ExampleImages/exif-orientation-examples/Portrait_5.jpg"; sourceTree = SOURCE_ROOT; };
		119143831F86F05E0053EA8F /* Landscape_6.jpg */ = {isa = PBXFileReference; lastKnownFileType = image.jpeg; name = Landscape_6.jpg; path = "ImageIOSwift/ExampleImages/exif-orientation-examples/Landscape_6.jpg"; sourceTree = SOURCE_ROOT; };
		119143841F86F05E0053EA8F /* Landscape_2.jpg */ = {isa = PBXFileReference; lastKnownFileType = image.jpeg; name = Landscape_2.jpg; path = "ImageIOSwift/ExampleImages/exif-orientation-examples/Landscape_2.jpg"; sourceTree = SOURCE_ROOT; };
		119143851F86F05E0053EA8F /* Landscape_4.jpg */ = {isa = PBXFileReference; lastKnownFileType = image.jpeg; name = Landscape_4.jpg; path = "ImageIOSwift/ExampleImages/exif-orientation-examples/Landscape_4.jpg"; sourceTree = SOURCE_ROOT; };
		119143861F86F05E0053EA8F /* Portrait_3.jpg */ = {isa = PBXFileReference; lastKnownFileType = image.jpeg; name = Portrait_3.jpg; path = "ImageIOSwift/ExampleImages/exif-orientation-examples/Portrait_3.jpg"; sourceTree = SOURCE_ROOT; };
		1191439F1F87CAFF0053EA8F /* autumn_1440x960.heic */ = {isa = PBXFileReference; lastKnownFileType = file; path = autumn_1440x960.heic; sourceTree = "<group>"; };
		119143A01F87CAFF0053EA8F /* alpha_1440x960.heic */ = {isa = PBXFileReference; lastKnownFileType = file; path = alpha_1440x960.heic; sourceTree = "<group>"; };
		119143A21F87CAFF0053EA8F /* bird_burst.heic */ = {isa = PBXFileReference; lastKnownFileType = file; path = bird_burst.heic; sourceTree = "<group>"; };
		119143A31F87CAFF0053EA8F /* random_collection_1440x960.heic */ = {isa = PBXFileReference; lastKnownFileType = file; path = random_collection_1440x960.heic; sourceTree = "<group>"; };
		119143A41F87CAFF0053EA8F /* season_collection_1440x960.heic */ = {isa = PBXFileReference; lastKnownFileType = file; path = season_collection_1440x960.heic; sourceTree = "<group>"; };
		119143A51F87CAFF0053EA8F /* starfield_animation.heic */ = {isa = PBXFileReference; lastKnownFileType = file; path = starfield_animation.heic; sourceTree = "<group>"; };
		119143A61F87CAFF0053EA8F /* grid_960x640.heic */ = {isa = PBXFileReference; lastKnownFileType = file; path = grid_960x640.heic; sourceTree = "<group>"; };
		119143A71F87CAFF0053EA8F /* spring_1440x960.heic */ = {isa = PBXFileReference; lastKnownFileType = file; path = spring_1440x960.heic; sourceTree = "<group>"; };
		119143A81F87CAFF0053EA8F /* dog.heic */ = {isa = PBXFileReference; lastKnownFileType = file; path = dog.heic; sourceTree = "<group>"; };
		119143A91F87CAFF0053EA8F /* sea1_animation.heic */ = {isa = PBXFileReference; lastKnownFileType = file; path = sea1_animation.heic; sourceTree = "<group>"; };
		119143AA1F87CAFF0053EA8F /* winter_1440x960.heic */ = {isa = PBXFileReference; lastKnownFileType = file; path = winter_1440x960.heic; sourceTree = "<group>"; };
		119143AB1F87CAFF0053EA8F /* yard.heic */ = {isa = PBXFileReference; lastKnownFileType = file; path = yard.heic; sourceTree = "<group>"; };
		11DCAD5A1F86E63D00598162 /* CADisplayLink+Callbacks.swift */ = {isa = PBXFileReference; lastKnownFileType = sourcecode.swift; path = "CADisplayLink+Callbacks.swift"; sourceTree = "<group>"; };
/* End PBXFileReference section */

/* Begin PBXFrameworksBuildPhase section */
		113A959D1F868FF6004C4F38 /* Frameworks */ = {
			isa = PBXFrameworksBuildPhase;
			buildActionMask = 2147483647;
			files = (
			);
			runOnlyForDeploymentPostprocessing = 0;
		};
		113A95B31F868FF6004C4F38 /* Frameworks */ = {
			isa = PBXFrameworksBuildPhase;
			buildActionMask = 2147483647;
			files = (
			);
			runOnlyForDeploymentPostprocessing = 0;
		};
/* End PBXFrameworksBuildPhase section */

/* Begin PBXGroup section */
		113A95971F868FF6004C4F38 = {
			isa = PBXGroup;
			children = (
				113A95A21F868FF6004C4F38 /* ImageIOSwift */,
				113A95B91F868FF7004C4F38 /* ImageIOSwiftTests */,
				113A95A11F868FF6004C4F38 /* Products */,
			);
			sourceTree = "<group>";
		};
		113A95A11F868FF6004C4F38 /* Products */ = {
			isa = PBXGroup;
			children = (
				113A95A01F868FF6004C4F38 /* ImageIOSwift.app */,
				113A95B61F868FF6004C4F38 /* ImageIOSwiftTests.xctest */,
			);
			name = Products;
			sourceTree = "<group>";
		};
		113A95A21F868FF6004C4F38 /* ImageIOSwift */ = {
			isa = PBXGroup;
			children = (
				113A95A31F868FF6004C4F38 /* AppDelegate.swift */,
				113A95A51F868FF6004C4F38 /* MasterViewController.swift */,
				115848411F86E23F001636BE /* PickerViewController.swift */,
				1158483F1F86E116001636BE /* ImageSourceViewController.swift */,
				113A95A71F868FF6004C4F38 /* ProgressiveLoadViewController.swift */,
				1158483B1F86E0EE001636BE /* AnimatedViewController.swift */,
				113A95C51F86900C004C4F38 /* ImageSource.swift */,
				113A95C71F869111004C4F38 /* ImageSourceView.swift */,
				115848351F86CA56001636BE /* Properties.swift */,
				1160B9AE1F87F1DD0048E71A /* GIFProperties.swift */,
				1160B9AC1F87F1C10048E71A /* PNGProperties.swift */,
				1160B9AA1F87F19B0048E71A /* JPEGProperties.swift */,
				1160B9A81F87F1780048E71A /* TIFFProperties.swift */,
				1160B9B01F87F4BC0048E71A /* IPTCProperties.swift */,
				1160B9B21F87F5A80048E71A /* UIImageOrientation+Helpers.swift */,
				1160B9B61F87F86A0048E71A /* ImageSource+UIKit.swift */,
				1158482F1F86B079001636BE /* CGImageSourceStatus+Helpers.swift */,
				11DCAD5A1F86E63D00598162 /* CADisplayLink+Callbacks.swift */,
				1190478B1F86EE6200C0A516 /* ExampleImages */,
				113A95A91F868FF6004C4F38 /* Main.storyboard */,
				113A95AC1F868FF6004C4F38 /* Assets.xcassets */,
				113A95AE1F868FF6004C4F38 /* LaunchScreen.storyboard */,
				113A95B11F868FF6004C4F38 /* Info.plist */,
			);
			path = ImageIOSwift;
			sourceTree = "<group>";
		};
		113A95B91F868FF7004C4F38 /* ImageIOSwiftTests */ = {
			isa = PBXGroup;
			children = (
				113A95BA1F868FF7004C4F38 /* ImageIOSwiftTests.swift */,
				113A95BC1F868FF7004C4F38 /* Info.plist */,
			);
			path = ImageIOSwiftTests;
			sourceTree = "<group>";
		};
		1190478B1F86EE6200C0A516 /* ExampleImages */ = {
			isa = PBXGroup;
			children = (
				115848291F869872001636BE /* interlaced.jpeg */,
				1158482A1F869872001636BE /* progressive.jpeg */,
				115848311F86BD72001636BE /* animated.gif */,
				115848321F86BD72001636BE /* animated.png */,
				1191439E1F87CAFF0053EA8F /* heic */,
				119143761F86F0460053EA8F /* exif-orientation-examples */,
			);
			path = ExampleImages;
			sourceTree = "<group>";
		};
		119143761F86F0460053EA8F /* exif-orientation-examples */ = {
			isa = PBXGroup;
			children = (
				1191437E1F86F05E0053EA8F /* Landscape_1.jpg */,
				119143841F86F05E0053EA8F /* Landscape_2.jpg */,
				1191437F1F86F05E0053EA8F /* Landscape_3.jpg */,
				119143851F86F05E0053EA8F /* Landscape_4.jpg */,
				119143801F86F05E0053EA8F /* Landscape_5.jpg */,
				119143831F86F05E0053EA8F /* Landscape_6.jpg */,
				1191437D1F86F05E0053EA8F /* Landscape_7.jpg */,
				119143781F86F05D0053EA8F /* Landscape_8.jpg */,
				1191437C1F86F05E0053EA8F /* Portrait_1.jpg */,
				1191437B1F86F05E0053EA8F /* Portrait_2.jpg */,
				119143861F86F05E0053EA8F /* Portrait_3.jpg */,
				119143771F86F05D0053EA8F /* Portrait_4.jpg */,
				119143821F86F05E0053EA8F /* Portrait_5.jpg */,
				1191437A1F86F05E0053EA8F /* Portrait_6.jpg */,
				119143811F86F05E0053EA8F /* Portrait_7.jpg */,
				119143791F86F05D0053EA8F /* Portrait_8.jpg */,
			);
			path = "exif-orientation-examples";
			sourceTree = "<group>";
		};
		1191439E1F87CAFF0053EA8F /* heic */ = {
			isa = PBXGroup;
			children = (
				1191439F1F87CAFF0053EA8F /* autumn_1440x960.heic */,
				119143A01F87CAFF0053EA8F /* alpha_1440x960.heic */,
				119143A21F87CAFF0053EA8F /* bird_burst.heic */,
				119143A31F87CAFF0053EA8F /* random_collection_1440x960.heic */,
				119143A41F87CAFF0053EA8F /* season_collection_1440x960.heic */,
				119143A51F87CAFF0053EA8F /* starfield_animation.heic */,
				119143A61F87CAFF0053EA8F /* grid_960x640.heic */,
				119143A71F87CAFF0053EA8F /* spring_1440x960.heic */,
				119143A81F87CAFF0053EA8F /* dog.heic */,
				119143A91F87CAFF0053EA8F /* sea1_animation.heic */,
				119143AA1F87CAFF0053EA8F /* winter_1440x960.heic */,
				119143AB1F87CAFF0053EA8F /* yard.heic */,
			);
			path = heic;
			sourceTree = "<group>";
		};
/* End PBXGroup section */

/* Begin PBXNativeTarget section */
		113A959F1F868FF6004C4F38 /* ImageIOSwift */ = {
			isa = PBXNativeTarget;
			buildConfigurationList = 113A95BF1F868FF7004C4F38 /* Build configuration list for PBXNativeTarget "ImageIOSwift" */;
			buildPhases = (
				113A959C1F868FF6004C4F38 /* Sources */,
				113A959D1F868FF6004C4F38 /* Frameworks */,
				113A959E1F868FF6004C4F38 /* Resources */,
			);
			buildRules = (
			);
			dependencies = (
			);
			name = ImageIOSwift;
			productName = ImageService;
			productReference = 113A95A01F868FF6004C4F38 /* ImageIOSwift.app */;
			productType = "com.apple.product-type.application";
		};
		113A95B51F868FF6004C4F38 /* ImageIOSwiftTests */ = {
			isa = PBXNativeTarget;
			buildConfigurationList = 113A95C21F868FF7004C4F38 /* Build configuration list for PBXNativeTarget "ImageIOSwiftTests" */;
			buildPhases = (
				113A95B21F868FF6004C4F38 /* Sources */,
				113A95B31F868FF6004C4F38 /* Frameworks */,
				113A95B41F868FF6004C4F38 /* Resources */,
			);
			buildRules = (
			);
			dependencies = (
				113A95B81F868FF6004C4F38 /* PBXTargetDependency */,
			);
			name = ImageIOSwiftTests;
			productName = ImageServiceTests;
			productReference = 113A95B61F868FF6004C4F38 /* ImageIOSwiftTests.xctest */;
			productType = "com.apple.product-type.bundle.unit-test";
		};
/* End PBXNativeTarget section */

/* Begin PBXProject section */
		113A95981F868FF6004C4F38 /* Project object */ = {
			isa = PBXProject;
			attributes = {
				LastSwiftUpdateCheck = 0910;
				LastUpgradeCheck = 0910;
				ORGANIZATIONNAME = "David Beck";
				TargetAttributes = {
					113A959F1F868FF6004C4F38 = {
						CreatedOnToolsVersion = 9.1;
						ProvisioningStyle = Automatic;
					};
					113A95B51F868FF6004C4F38 = {
						CreatedOnToolsVersion = 9.1;
						ProvisioningStyle = Automatic;
						TestTargetID = 113A959F1F868FF6004C4F38;
					};
				};
			};
			buildConfigurationList = 113A959B1F868FF6004C4F38 /* Build configuration list for PBXProject "ImageIOSwift" */;
			compatibilityVersion = "Xcode 8.0";
			developmentRegion = en;
			hasScannedForEncodings = 0;
			knownRegions = (
				en,
				Base,
			);
			mainGroup = 113A95971F868FF6004C4F38;
			productRefGroup = 113A95A11F868FF6004C4F38 /* Products */;
			projectDirPath = "";
			projectRoot = "";
			targets = (
				113A959F1F868FF6004C4F38 /* ImageIOSwift */,
				113A95B51F868FF6004C4F38 /* ImageIOSwiftTests */,
			);
		};
/* End PBXProject section */

/* Begin PBXResourcesBuildPhase section */
		113A959E1F868FF6004C4F38 /* Resources */ = {
			isa = PBXResourcesBuildPhase;
			buildActionMask = 2147483647;
			files = (
				119143B81F87CAFF0053EA8F /* yard.heic in Resources */,
				113A95B01F868FF6004C4F38 /* LaunchScreen.storyboard in Resources */,
				119143B51F87CAFF0053EA8F /* dog.heic in Resources */,
				119143AD1F87CAFF0053EA8F /* alpha_1440x960.heic in Resources */,
				119143B61F87CAFF0053EA8F /* sea1_animation.heic in Resources */,
				1191438E1F86F05E0053EA8F /* Landscape_1.jpg in Resources */,
				119143911F86F05E0053EA8F /* Portrait_7.jpg in Resources */,
				119143B31F87CAFF0053EA8F /* grid_960x640.heic in Resources */,
				115848341F86BD73001636BE /* animated.png in Resources */,
				113A95AD1F868FF6004C4F38 /* Assets.xcassets in Resources */,
				1158482B1F869872001636BE /* interlaced.jpeg in Resources */,
				119143931F86F05E0053EA8F /* Landscape_6.jpg in Resources */,
				119143B11F87CAFF0053EA8F /* season_collection_1440x960.heic in Resources */,
				113A95AB1F868FF6004C4F38 /* Main.storyboard in Resources */,
				119143921F86F05E0053EA8F /* Portrait_5.jpg in Resources */,
				119143B41F87CAFF0053EA8F /* spring_1440x960.heic in Resources */,
				1191438D1F86F05E0053EA8F /* Landscape_7.jpg in Resources */,
				119143871F86F05E0053EA8F /* Portrait_4.jpg in Resources */,
				1158482C1F869872001636BE /* progressive.jpeg in Resources */,
				1191438B1F86F05E0053EA8F /* Portrait_2.jpg in Resources */,
				119143941F86F05E0053EA8F /* Landscape_2.jpg in Resources */,
				119143AF1F87CAFF0053EA8F /* bird_burst.heic in Resources */,
				119143B21F87CAFF0053EA8F /* starfield_animation.heic in Resources */,
				1191438A1F86F05E0053EA8F /* Portrait_6.jpg in Resources */,
				119143B71F87CAFF0053EA8F /* winter_1440x960.heic in Resources */,
				119143901F86F05E0053EA8F /* Landscape_5.jpg in Resources */,
				1191438F1F86F05E0053EA8F /* Landscape_3.jpg in Resources */,
				1191438C1F86F05E0053EA8F /* Portrait_1.jpg in Resources */,
				119143B01F87CAFF0053EA8F /* random_collection_1440x960.heic in Resources */,
				119143951F86F05E0053EA8F /* Landscape_4.jpg in Resources */,
				119143891F86F05E0053EA8F /* Portrait_8.jpg in Resources */,
				119143AC1F87CAFF0053EA8F /* autumn_1440x960.heic in Resources */,
				119143961F86F05E0053EA8F /* Portrait_3.jpg in Resources */,
				119143881F86F05E0053EA8F /* Landscape_8.jpg in Resources */,
				115848331F86BD73001636BE /* animated.gif in Resources */,
			);
			runOnlyForDeploymentPostprocessing = 0;
		};
		113A95B41F868FF6004C4F38 /* Resources */ = {
			isa = PBXResourcesBuildPhase;
			buildActionMask = 2147483647;
			files = (
			);
			runOnlyForDeploymentPostprocessing = 0;
		};
/* End PBXResourcesBuildPhase section */

/* Begin PBXSourcesBuildPhase section */
		113A959C1F868FF6004C4F38 /* Sources */ = {
			isa = PBXSourcesBuildPhase;
			buildActionMask = 2147483647;
			files = (
				1160B9AD1F87F1C10048E71A /* PNGProperties.swift in Sources */,
				1160B9B31F87F5A80048E71A /* UIImageOrientation+Helpers.swift in Sources */,
				115848361F86CA57001636BE /* Properties.swift in Sources */,
				115848401F86E116001636BE /* ImageSourceViewController.swift in Sources */,
				113A95C61F86900C004C4F38 /* ImageSource.swift in Sources */,
				1160B9AF1F87F1DD0048E71A /* GIFProperties.swift in Sources */,
				115848301F86B079001636BE /* CGImageSourceStatus+Helpers.swift in Sources */,
				115848421F86E23F001636BE /* PickerViewController.swift in Sources */,
				1160B9A91F87F1780048E71A /* TIFFProperties.swift in Sources */,
				1160B9B71F87F86A0048E71A /* ImageSource+UIKit.swift in Sources */,
				113A95A81F868FF6004C4F38 /* ProgressiveLoadViewController.swift in Sources */,
				113A95A61F868FF6004C4F38 /* MasterViewController.swift in Sources */,
				1158483C1F86E0EE001636BE /* AnimatedViewController.swift in Sources */,
				113A95C81F869111004C4F38 /* ImageSourceView.swift in Sources */,
				1160B9B11F87F4BC0048E71A /* IPTCProperties.swift in Sources */,
				1160B9AB1F87F19B0048E71A /* JPEGProperties.swift in Sources */,
				11DCAD5B1F86E63D00598162 /* CADisplayLink+Callbacks.swift in Sources */,
				113A95A41F868FF6004C4F38 /* AppDelegate.swift in Sources */,
			);
			runOnlyForDeploymentPostprocessing = 0;
		};
		113A95B21F868FF6004C4F38 /* Sources */ = {
			isa = PBXSourcesBuildPhase;
			buildActionMask = 2147483647;
			files = (
				113A95BB1F868FF7004C4F38 /* ImageIOSwiftTests.swift in Sources */,
			);
			runOnlyForDeploymentPostprocessing = 0;
		};
/* End PBXSourcesBuildPhase section */

/* Begin PBXTargetDependency section */
		113A95B81F868FF6004C4F38 /* PBXTargetDependency */ = {
			isa = PBXTargetDependency;
			target = 113A959F1F868FF6004C4F38 /* ImageIOSwift */;
			targetProxy = 113A95B71F868FF6004C4F38 /* PBXContainerItemProxy */;
		};
/* End PBXTargetDependency section */

/* Begin PBXVariantGroup section */
		113A95A91F868FF6004C4F38 /* Main.storyboard */ = {
			isa = PBXVariantGroup;
			children = (
				113A95AA1F868FF6004C4F38 /* Base */,
			);
			name = Main.storyboard;
			sourceTree = "<group>";
		};
		113A95AE1F868FF6004C4F38 /* LaunchScreen.storyboard */ = {
			isa = PBXVariantGroup;
			children = (
				113A95AF1F868FF6004C4F38 /* Base */,
			);
			name = LaunchScreen.storyboard;
			sourceTree = "<group>";
		};
/* End PBXVariantGroup section */

/* Begin XCBuildConfiguration section */
		113A95BD1F868FF7004C4F38 /* Debug */ = {
			isa = XCBuildConfiguration;
			buildSettings = {
				ALWAYS_SEARCH_USER_PATHS = NO;
				CLANG_ANALYZER_NONNULL = YES;
				CLANG_ANALYZER_NUMBER_OBJECT_CONVERSION = YES_AGGRESSIVE;
				CLANG_CXX_LANGUAGE_STANDARD = "gnu++14";
				CLANG_CXX_LIBRARY = "libc++";
				CLANG_ENABLE_MODULES = YES;
				CLANG_ENABLE_OBJC_ARC = YES;
				CLANG_WARN_BLOCK_CAPTURE_AUTORELEASING = YES;
				CLANG_WARN_BOOL_CONVERSION = YES;
				CLANG_WARN_COMMA = YES;
				CLANG_WARN_CONSTANT_CONVERSION = YES;
				CLANG_WARN_DIRECT_OBJC_ISA_USAGE = YES_ERROR;
				CLANG_WARN_DOCUMENTATION_COMMENTS = YES;
				CLANG_WARN_EMPTY_BODY = YES;
				CLANG_WARN_ENUM_CONVERSION = YES;
				CLANG_WARN_INFINITE_RECURSION = YES;
				CLANG_WARN_INT_CONVERSION = YES;
				CLANG_WARN_NON_LITERAL_NULL_CONVERSION = YES;
				CLANG_WARN_OBJC_LITERAL_CONVERSION = YES;
				CLANG_WARN_OBJC_ROOT_CLASS = YES_ERROR;
				CLANG_WARN_RANGE_LOOP_ANALYSIS = YES;
				CLANG_WARN_STRICT_PROTOTYPES = YES;
				CLANG_WARN_SUSPICIOUS_MOVE = YES;
				CLANG_WARN_UNGUARDED_AVAILABILITY = YES_AGGRESSIVE;
				CLANG_WARN_UNREACHABLE_CODE = YES;
				CLANG_WARN__DUPLICATE_METHOD_MATCH = YES;
				CODE_SIGN_IDENTITY = "iPhone Developer";
				COPY_PHASE_STRIP = NO;
				DEBUG_INFORMATION_FORMAT = dwarf;
				ENABLE_STRICT_OBJC_MSGSEND = YES;
				ENABLE_TESTABILITY = YES;
				GCC_C_LANGUAGE_STANDARD = gnu11;
				GCC_DYNAMIC_NO_PIC = NO;
				GCC_NO_COMMON_BLOCKS = YES;
				GCC_OPTIMIZATION_LEVEL = 0;
				GCC_PREPROCESSOR_DEFINITIONS = (
					"DEBUG=1",
					"$(inherited)",
				);
				GCC_WARN_64_TO_32_BIT_CONVERSION = YES;
				GCC_WARN_ABOUT_RETURN_TYPE = YES_ERROR;
				GCC_WARN_UNDECLARED_SELECTOR = YES;
				GCC_WARN_UNINITIALIZED_AUTOS = YES_AGGRESSIVE;
				GCC_WARN_UNUSED_FUNCTION = YES;
				GCC_WARN_UNUSED_VARIABLE = YES;
				IPHONEOS_DEPLOYMENT_TARGET = 11.1;
				MTL_ENABLE_DEBUG_INFO = YES;
				ONLY_ACTIVE_ARCH = YES;
				SDKROOT = iphoneos;
				SWIFT_ACTIVE_COMPILATION_CONDITIONS = DEBUG;
				SWIFT_OPTIMIZATION_LEVEL = "-Onone";
			};
			name = Debug;
		};
		113A95BE1F868FF7004C4F38 /* Release */ = {
			isa = XCBuildConfiguration;
			buildSettings = {
				ALWAYS_SEARCH_USER_PATHS = NO;
				CLANG_ANALYZER_NONNULL = YES;
				CLANG_ANALYZER_NUMBER_OBJECT_CONVERSION = YES_AGGRESSIVE;
				CLANG_CXX_LANGUAGE_STANDARD = "gnu++14";
				CLANG_CXX_LIBRARY = "libc++";
				CLANG_ENABLE_MODULES = YES;
				CLANG_ENABLE_OBJC_ARC = YES;
				CLANG_WARN_BLOCK_CAPTURE_AUTORELEASING = YES;
				CLANG_WARN_BOOL_CONVERSION = YES;
				CLANG_WARN_COMMA = YES;
				CLANG_WARN_CONSTANT_CONVERSION = YES;
				CLANG_WARN_DIRECT_OBJC_ISA_USAGE = YES_ERROR;
				CLANG_WARN_DOCUMENTATION_COMMENTS = YES;
				CLANG_WARN_EMPTY_BODY = YES;
				CLANG_WARN_ENUM_CONVERSION = YES;
				CLANG_WARN_INFINITE_RECURSION = YES;
				CLANG_WARN_INT_CONVERSION = YES;
				CLANG_WARN_NON_LITERAL_NULL_CONVERSION = YES;
				CLANG_WARN_OBJC_LITERAL_CONVERSION = YES;
				CLANG_WARN_OBJC_ROOT_CLASS = YES_ERROR;
				CLANG_WARN_RANGE_LOOP_ANALYSIS = YES;
				CLANG_WARN_STRICT_PROTOTYPES = YES;
				CLANG_WARN_SUSPICIOUS_MOVE = YES;
				CLANG_WARN_UNGUARDED_AVAILABILITY = YES_AGGRESSIVE;
				CLANG_WARN_UNREACHABLE_CODE = YES;
				CLANG_WARN__DUPLICATE_METHOD_MATCH = YES;
				CODE_SIGN_IDENTITY = "iPhone Developer";
				COPY_PHASE_STRIP = NO;
				DEBUG_INFORMATION_FORMAT = "dwarf-with-dsym";
				ENABLE_NS_ASSERTIONS = NO;
				ENABLE_STRICT_OBJC_MSGSEND = YES;
				GCC_C_LANGUAGE_STANDARD = gnu11;
				GCC_NO_COMMON_BLOCKS = YES;
				GCC_WARN_64_TO_32_BIT_CONVERSION = YES;
				GCC_WARN_ABOUT_RETURN_TYPE = YES_ERROR;
				GCC_WARN_UNDECLARED_SELECTOR = YES;
				GCC_WARN_UNINITIALIZED_AUTOS = YES_AGGRESSIVE;
				GCC_WARN_UNUSED_FUNCTION = YES;
				GCC_WARN_UNUSED_VARIABLE = YES;
				IPHONEOS_DEPLOYMENT_TARGET = 11.1;
				MTL_ENABLE_DEBUG_INFO = NO;
				SDKROOT = iphoneos;
				SWIFT_OPTIMIZATION_LEVEL = "-Owholemodule";
				VALIDATE_PRODUCT = YES;
			};
			name = Release;
		};
		113A95C01F868FF7004C4F38 /* Debug */ = {
			isa = XCBuildConfiguration;
			buildSettings = {
				ASSETCATALOG_COMPILER_APPICON_NAME = AppIcon;
				CODE_SIGN_STYLE = Automatic;
				DEVELOPMENT_TEAM = 7TR2B85D62;
				INFOPLIST_FILE = ImageIOSwift/Info.plist;
				IPHONEOS_DEPLOYMENT_TARGET = 9.0;
				LD_RUNPATH_SEARCH_PATHS = "$(inherited) @executable_path/Frameworks";
				PRODUCT_BUNDLE_IDENTIFIER = co.davidbeck.ImageIOExample;
				PRODUCT_NAME = "$(TARGET_NAME)";
				SWIFT_VERSION = 4.0;
				TARGETED_DEVICE_FAMILY = "1,2";
			};
			name = Debug;
		};
		113A95C11F868FF7004C4F38 /* Release */ = {
			isa = XCBuildConfiguration;
			buildSettings = {
				ASSETCATALOG_COMPILER_APPICON_NAME = AppIcon;
				CODE_SIGN_STYLE = Automatic;
				DEVELOPMENT_TEAM = 7TR2B85D62;
				INFOPLIST_FILE = ImageIOSwift/Info.plist;
				IPHONEOS_DEPLOYMENT_TARGET = 9.0;
				LD_RUNPATH_SEARCH_PATHS = "$(inherited) @executable_path/Frameworks";
				PRODUCT_BUNDLE_IDENTIFIER = co.davidbeck.ImageIOExample;
				PRODUCT_NAME = "$(TARGET_NAME)";
				SWIFT_VERSION = 4.0;
				TARGETED_DEVICE_FAMILY = "1,2";
			};
			name = Release;
		};
		113A95C31F868FF7004C4F38 /* Debug */ = {
			isa = XCBuildConfiguration;
			buildSettings = {
				ALWAYS_EMBED_SWIFT_STANDARD_LIBRARIES = YES;
				BUNDLE_LOADER = "$(TEST_HOST)";
				CODE_SIGN_STYLE = Automatic;
				DEVELOPMENT_TEAM = VKHGABD3Q5;
				INFOPLIST_FILE = ImageIOSwiftTests/Info.plist;
				LD_RUNPATH_SEARCH_PATHS = "$(inherited) @executable_path/Frameworks @loader_path/Frameworks";
				PRODUCT_BUNDLE_IDENTIFIER = co.davidbeck.ImageServiceTests;
				PRODUCT_NAME = "$(TARGET_NAME)";
				SWIFT_VERSION = 4.0;
				TARGETED_DEVICE_FAMILY = "1,2";
				TEST_HOST = "$(BUILT_PRODUCTS_DIR)/ImageIOSwift.app/ImageIOSwift";
			};
			name = Debug;
		};
		113A95C41F868FF7004C4F38 /* Release */ = {
			isa = XCBuildConfiguration;
			buildSettings = {
				ALWAYS_EMBED_SWIFT_STANDARD_LIBRARIES = YES;
				BUNDLE_LOADER = "$(TEST_HOST)";
				CODE_SIGN_STYLE = Automatic;
				DEVELOPMENT_TEAM = VKHGABD3Q5;
				INFOPLIST_FILE = ImageIOSwiftTests/Info.plist;
				LD_RUNPATH_SEARCH_PATHS = "$(inherited) @executable_path/Frameworks @loader_path/Frameworks";
				PRODUCT_BUNDLE_IDENTIFIER = co.davidbeck.ImageServiceTests;
				PRODUCT_NAME = "$(TARGET_NAME)";
				SWIFT_VERSION = 4.0;
				TARGETED_DEVICE_FAMILY = "1,2";
				TEST_HOST = "$(BUILT_PRODUCTS_DIR)/ImageIOSwift.app/ImageIOSwift";
			};
			name = Release;
		};
/* End XCBuildConfiguration section */

/* Begin XCConfigurationList section */
		113A959B1F868FF6004C4F38 /* Build configuration list for PBXProject "ImageIOSwift" */ = {
			isa = XCConfigurationList;
			buildConfigurations = (
				113A95BD1F868FF7004C4F38 /* Debug */,
				113A95BE1F868FF7004C4F38 /* Release */,
			);
			defaultConfigurationIsVisible = 0;
			defaultConfigurationName = Release;
		};
		113A95BF1F868FF7004C4F38 /* Build configuration list for PBXNativeTarget "ImageIOSwift" */ = {
			isa = XCConfigurationList;
			buildConfigurations = (
				113A95C01F868FF7004C4F38 /* Debug */,
				113A95C11F868FF7004C4F38 /* Release */,
			);
			defaultConfigurationIsVisible = 0;
			defaultConfigurationName = Release;
		};
		113A95C21F868FF7004C4F38 /* Build configuration list for PBXNativeTarget "ImageIOSwiftTests" */ = {
			isa = XCConfigurationList;
			buildConfigurations = (
				113A95C31F868FF7004C4F38 /* Debug */,
				113A95C41F868FF7004C4F38 /* Release */,
			);
			defaultConfigurationIsVisible = 0;
			defaultConfigurationName = Release;
		};
/* End XCConfigurationList section */
	};
	rootObject = 113A95981F868FF6004C4F38 /* Project object */;
}
